
Microsoft Visual Studio Solution File, Format Version 12.00
# Visual Studio Version 17
VisualStudioVersion = 17.11.35208.52
MinimumVisualStudioVersion = 10.0.40219.1
Project("{F184B08F-C81C-45F6-A57F-5ABD9991F28F}") = "GameofWar", "GameofWar\GameofWar.vbproj", "{6ABDEE09-C81A-4223-8EF7-76B64EB6A4AD}"
EndProject
Global
	GlobalSection(SolutionConfigurationPlatforms) = preSolution
		Debug|Any CPU = Debug|Any CPU
		Release|Any CPU = Release|Any CPU
	EndGlobalSection
	GlobalSection(ProjectConfigurationPlatforms) = postSolution
		{6ABDEE09-C81A-4223-8EF7-76B64EB6A4AD}.Debug|Any CPU.ActiveCfg = Debug|Any CPU
		{6ABDEE09-C81A-4223-8EF7-76B64EB6A4AD}.Debug|Any CPU.Build.0 = Debug|Any CPU
		{6ABDEE09-C81A-4223-8EF7-76B64EB6A4AD}.Release|Any CPU.ActiveCfg = Release|Any CPU
		{6ABDEE09-C81A-4223-8EF7-76B64EB6A4AD}.Release|Any CPU.Build.0 = Release|Any CPU
	EndGlobalSection
	GlobalSection(SolutionProperties) = preSolution
		HideSolutionNode = FALSE
	EndGlobalSection
	GlobalSection(ExtensibilityGlobals) = postSolution
		SolutionGuid = {EC970FBE-8C0F-4920-B5CB-4942896622B6}
	EndGlobalSection
EndGlobal
